
Microsoft Visual Studio Solution File, Format Version 12.00
# Visual Studio Version 16
VisualStudioVersion = 16.0.31410.357
MinimumVisualStudioVersion = 10.0.40219.1
Project("{FAE04EC0-301F-11D3-BF4B-00C04F79EFBC}") = "ArcadeCubeSimulator", "ArcadeCubeSimulator\ArcadeCubeSimulator.csproj", "{66939435-7AC1-4B16-B467-E7A7BCA9FE25}"
EndProject
Global
	GlobalSection(SolutionConfigurationPlatforms) = preSolution
		Debug|Any CPU = Debug|Any CPU
		Release|Any CPU = Release|Any CPU
	EndGlobalSection
	GlobalSection(ProjectConfigurationPlatforms) = postSolution
		{66939435-7AC1-4B16-B467-E7A7BCA9FE25}.Debug|Any CPU.ActiveCfg = Debug|Any CPU
		{66939435-7AC1-4B16-B467-E7A7BCA9FE25}.Debug|Any CPU.Build.0 = Debug|Any CPU
		{66939435-7AC1-4B16-B467-E7A7BCA9FE25}.Release|Any CPU.ActiveCfg = Release|Any CPU
		{66939435-7AC1-4B16-B467-E7A7BCA9FE25}.Release|Any CPU.Build.0 = Release|Any CPU
	EndGlobalSection
	GlobalSection(SolutionProperties) = preSolution
		HideSolutionNode = FALSE
	EndGlobalSection
	GlobalSection(ExtensibilityGlobals) = postSolution
		SolutionGuid = {9F17DD35-5648-4737-AF11-25A9477F93C3}
	EndGlobalSection
EndGlobal
